
Microsoft Visual Studio Solution File, Format Version 12.00
# Visual Studio Version 17
VisualStudioVersion = 17.9.34701.34
MinimumVisualStudioVersion = 10.0.40219.1
Project("{FAE04EC0-301F-11D3-BF4B-00C04F79EFBC}") = "emplyesapp", "emplyesapp\emplyesapp.csproj", "{38EF3188-0735-4E08-9750-EEBE602D882F}"
EndProject
Global
	GlobalSection(SolutionConfigurationPlatforms) = preSolution
		Debug|Any CPU = Debug|Any CPU
		Release|Any CPU = Release|Any CPU
	EndGlobalSection
	GlobalSection(ProjectConfigurationPlatforms) = postSolution
		{38EF3188-0735-4E08-9750-EEBE602D882F}.Debug|Any CPU.ActiveCfg = Debug|Any CPU
		{38EF3188-0735-4E08-9750-EEBE602D882F}.Debug|Any CPU.Build.0 = Debug|Any CPU
		{38EF3188-0735-4E08-9750-EEBE602D882F}.Release|Any CPU.ActiveCfg = Release|Any CPU
		{38EF3188-0735-4E08-9750-EEBE602D882F}.Release|Any CPU.Build.0 = Release|Any CPU
	EndGlobalSection
	GlobalSection(SolutionProperties) = preSolution
		HideSolutionNode = FALSE
	EndGlobalSection
	GlobalSection(ExtensibilityGlobals) = postSolution
		SolutionGuid = {7F4A60F3-D7AA-4CF7-B683-D7C63FD2ADBE}
	EndGlobalSection
EndGlobal
